{
  "dependencies": {
    "gm": {
      "version": "1.9.1",
      "dependencies": {
        "debug": {
          "version": "0.7.0"
        },
        "array-series": {
          "version": "0.1.4"
        },
        "array-parallel": {
          "version": "0.1.2"
        },
        "through": {
          "version": "2.3.4"
        }
      }
    }
  }
}
